
Microsoft Visual Studio Solution File, Format Version 12.00
# Visual Studio 14
VisualStudioVersion = 14.0.23107.0
MinimumVisualStudioVersion = 10.0.40219.1
Project("{2150E333-8FDC-42A3-9474-1A3956D46DE8}") = "Solution Items", "Solution Items", "{2EB88111-9FD9-41F9-9CB0-5CFFAA65E5C6}"
	ProjectSection(SolutionItems) = preProject
		global.json = global.json
	EndProjectSection
EndProject
Project("{2150E333-8FDC-42A3-9474-1A3956D46DE8}") = "src", "src", "{1A19BE16-83D1-4DD3-80FA-56E1533C0BC5}"
EndProject
Project("{FAE04EC0-301F-11D3-BF4B-00C04F79EFBC}") = "ASTWalker", "src\ASTWalker\ASTWalker.csproj", "{CB3FF60E-AF76-471A-98A3-DFED31A10E94}"
EndProject
Project("{FAE04EC0-301F-11D3-BF4B-00C04F79EFBC}") = "Runner", "src\Runner\Runner.csproj", "{869D1B89-8513-4733-9F5A-17A22C7B165B}"
EndProject
Project("{FAE04EC0-301F-11D3-BF4B-00C04F79EFBC}") = "TranslationUnits", "src\TranslationUnits\TranslationUnits.csproj", "{851A3ACD-A1C2-40CD-8BA0-0296EEDBF025}"
EndProject
Project("{2150E333-8FDC-42A3-9474-1A3956D46DE8}") = "test", "test", "{2683807F-29C3-4ED2-90F5-B342DB0A8B04}"
EndProject
Project("{FAE04EC0-301F-11D3-BF4B-00C04F79EFBC}") = "ASTWalker.UnitTests", "test\ASTWalker.UnitTests\ASTWalker.UnitTests.csproj", "{E1E7E1AA-FC1B-49AC-9F99-7D2AD20FD193}"
EndProject
Project("{FAE04EC0-301F-11D3-BF4B-00C04F79EFBC}") = "TranslationUnits.UnitTests", "test\TranslationUnits.UnitTests\TranslationUnits.UnitTests.csproj", "{29131CA9-196F-4118-8703-7D1FBBBA4688}"
EndProject
Project("{2150E333-8FDC-42A3-9474-1A3956D46DE8}") = "resources", "resources", "{28FDF6E2-34FE-455B-AD7D-588920B2055F}"
EndProject
Project("{FAE04EC0-301F-11D3-BF4B-00C04F79EFBC}") = "TestData", "test\resources\TestData\TestData.csproj", "{C9710DF8-1539-4AC0-A62B-F6F917485796}"
EndProject
Project("{FAE04EC0-301F-11D3-BF4B-00C04F79EFBC}") = "ASTWalker.Helpers.UnitTests", "test\ASTWalker.Helpers.UnitTests\ASTWalker.Helpers.UnitTests.csproj", "{6A5CB19D-99E7-4743-9D93-4EA7FB9A8145}"
EndProject
Project("{FAE04EC0-301F-11D3-BF4B-00C04F79EFBC}") = "TestUtils", "test\resources\TestUtils\TestUtils.csproj", "{0678ABB3-50CE-453F-8EB5-1F21F10061B3}"
EndProject
Project("{2150E333-8FDC-42A3-9474-1A3956D46DE8}") = "renderers", "renderers", "{A9103A61-0F72-49E4-BFEE-4B2FF55CAEA0}"
EndProject
Project("{FAE04EC0-301F-11D3-BF4B-00C04F79EFBC}") = "TranslationUnits.Renderings", "test\renderers\TranslationUnits.Renderings\TranslationUnits.Renderings.csproj", "{ADCC4B90-4340-49D0-91F5-11E99BEF93B1}"
EndProject
Project("{FAE04EC0-301F-11D3-BF4B-00C04F79EFBC}") = "RenderingUtils", "test\renderers\RenderingUtils\RenderingUtils.csproj", "{B7F49289-4A5C-439C-BDA4-98174145DF2D}"
EndProject
Project("{2150E333-8FDC-42A3-9474-1A3956D46DE8}") = "3rd-party", "3rd-party", "{361180D9-86F6-4271-B1FF-36014EE40B06}"
EndProject
Project("{FAE04EC0-301F-11D3-BF4B-00C04F79EFBC}") = "Google.DiffMatchPatch", "test\3rd-party\Google.DiffMatchPatch\Google.DiffMatchPatch.csproj", "{269BAAB4-AB26-4093-8986-6C3886463F09}"
EndProject
Global
	GlobalSection(SolutionConfigurationPlatforms) = preSolution
		Debug|Any CPU = Debug|Any CPU
		Debug|x86 = Debug|x86
		Release|Any CPU = Release|Any CPU
		Release|x86 = Release|x86
	EndGlobalSection
	GlobalSection(ProjectConfigurationPlatforms) = postSolution
		{CB3FF60E-AF76-471A-98A3-DFED31A10E94}.Debug|Any CPU.ActiveCfg = Debug|x86
		{CB3FF60E-AF76-471A-98A3-DFED31A10E94}.Debug|Any CPU.Build.0 = Debug|x86
		{CB3FF60E-AF76-471A-98A3-DFED31A10E94}.Debug|x86.ActiveCfg = Debug|x86
		{CB3FF60E-AF76-471A-98A3-DFED31A10E94}.Debug|x86.Build.0 = Debug|x86
		{CB3FF60E-AF76-471A-98A3-DFED31A10E94}.Release|Any CPU.ActiveCfg = Release|x86
		{CB3FF60E-AF76-471A-98A3-DFED31A10E94}.Release|x86.ActiveCfg = Release|x86
		{CB3FF60E-AF76-471A-98A3-DFED31A10E94}.Release|x86.Build.0 = Release|x86
		{869D1B89-8513-4733-9F5A-17A22C7B165B}.Debug|Any CPU.ActiveCfg = Debug|Any CPU
		{869D1B89-8513-4733-9F5A-17A22C7B165B}.Debug|Any CPU.Build.0 = Debug|Any CPU
		{869D1B89-8513-4733-9F5A-17A22C7B165B}.Debug|x86.ActiveCfg = Debug|Any CPU
		{869D1B89-8513-4733-9F5A-17A22C7B165B}.Debug|x86.Build.0 = Debug|Any CPU
		{869D1B89-8513-4733-9F5A-17A22C7B165B}.Release|Any CPU.ActiveCfg = Release|Any CPU
		{869D1B89-8513-4733-9F5A-17A22C7B165B}.Release|Any CPU.Build.0 = Release|Any CPU
		{869D1B89-8513-4733-9F5A-17A22C7B165B}.Release|x86.ActiveCfg = Release|Any CPU
		{869D1B89-8513-4733-9F5A-17A22C7B165B}.Release|x86.Build.0 = Release|Any CPU
		{851A3ACD-A1C2-40CD-8BA0-0296EEDBF025}.Debug|Any CPU.ActiveCfg = Debug|Any CPU
		{851A3ACD-A1C2-40CD-8BA0-0296EEDBF025}.Debug|Any CPU.Build.0 = Debug|Any CPU
		{851A3ACD-A1C2-40CD-8BA0-0296EEDBF025}.Debug|x86.ActiveCfg = Debug|Any CPU
		{851A3ACD-A1C2-40CD-8BA0-0296EEDBF025}.Debug|x86.Build.0 = Debug|Any CPU
		{851A3ACD-A1C2-40CD-8BA0-0296EEDBF025}.Release|Any CPU.ActiveCfg = Release|Any CPU
		{851A3ACD-A1C2-40CD-8BA0-0296EEDBF025}.Release|Any CPU.Build.0 = Release|Any CPU
		{851A3ACD-A1C2-40CD-8BA0-0296EEDBF025}.Release|x86.ActiveCfg = Release|Any CPU
		{851A3ACD-A1C2-40CD-8BA0-0296EEDBF025}.Release|x86.Build.0 = Release|Any CPU
		{E1E7E1AA-FC1B-49AC-9F99-7D2AD20FD193}.Debug|Any CPU.ActiveCfg = Debug|Any CPU
		{E1E7E1AA-FC1B-49AC-9F99-7D2AD20FD193}.Debug|Any CPU.Build.0 = Debug|Any CPU
		{E1E7E1AA-FC1B-49AC-9F99-7D2AD20FD193}.Debug|x86.ActiveCfg = Debug|Any CPU
		{E1E7E1AA-FC1B-49AC-9F99-7D2AD20FD193}.Debug|x86.Build.0 = Debug|Any CPU
		{E1E7E1AA-FC1B-49AC-9F99-7D2AD20FD193}.Release|Any CPU.ActiveCfg = Release|Any CPU
		{E1E7E1AA-FC1B-49AC-9F99-7D2AD20FD193}.Release|Any CPU.Build.0 = Release|Any CPU
		{E1E7E1AA-FC1B-49AC-9F99-7D2AD20FD193}.Release|x86.ActiveCfg = Release|Any CPU
		{E1E7E1AA-FC1B-49AC-9F99-7D2AD20FD193}.Release|x86.Build.0 = Release|Any CPU
		{29131CA9-196F-4118-8703-7D1FBBBA4688}.Debug|Any CPU.ActiveCfg = Debug|Any CPU
		{29131CA9-196F-4118-8703-7D1FBBBA4688}.Debug|Any CPU.Build.0 = Debug|Any CPU
		{29131CA9-196F-4118-8703-7D1FBBBA4688}.Debug|x86.ActiveCfg = Debug|Any CPU
		{29131CA9-196F-4118-8703-7D1FBBBA4688}.Debug|x86.Build.0 = Debug|Any CPU
		{29131CA9-196F-4118-8703-7D1FBBBA4688}.Release|Any CPU.ActiveCfg = Release|Any CPU
		{29131CA9-196F-4118-8703-7D1FBBBA4688}.Release|Any CPU.Build.0 = Release|Any CPU
		{29131CA9-196F-4118-8703-7D1FBBBA4688}.Release|x86.ActiveCfg = Release|Any CPU
		{29131CA9-196F-4118-8703-7D1FBBBA4688}.Release|x86.Build.0 = Release|Any CPU
		{C9710DF8-1539-4AC0-A62B-F6F917485796}.Debug|Any CPU.ActiveCfg = Debug|Any CPU
		{C9710DF8-1539-4AC0-A62B-F6F917485796}.Debug|Any CPU.Build.0 = Debug|Any CPU
		{C9710DF8-1539-4AC0-A62B-F6F917485796}.Debug|x86.ActiveCfg = Debug|Any CPU
		{C9710DF8-1539-4AC0-A62B-F6F917485796}.Debug|x86.Build.0 = Debug|Any CPU
		{C9710DF8-1539-4AC0-A62B-F6F917485796}.Release|Any CPU.ActiveCfg = Release|Any CPU
		{C9710DF8-1539-4AC0-A62B-F6F917485796}.Release|Any CPU.Build.0 = Release|Any CPU
		{C9710DF8-1539-4AC0-A62B-F6F917485796}.Release|x86.ActiveCfg = Release|Any CPU
		{C9710DF8-1539-4AC0-A62B-F6F917485796}.Release|x86.Build.0 = Release|Any CPU
		{6A5CB19D-99E7-4743-9D93-4EA7FB9A8145}.Debug|Any CPU.ActiveCfg = Debug|Any CPU
		{6A5CB19D-99E7-4743-9D93-4EA7FB9A8145}.Debug|Any CPU.Build.0 = Debug|Any CPU
		{6A5CB19D-99E7-4743-9D93-4EA7FB9A8145}.Debug|x86.ActiveCfg = Debug|Any CPU
		{6A5CB19D-99E7-4743-9D93-4EA7FB9A8145}.Debug|x86.Build.0 = Debug|Any CPU
		{6A5CB19D-99E7-4743-9D93-4EA7FB9A8145}.Release|Any CPU.ActiveCfg = Release|Any CPU
		{6A5CB19D-99E7-4743-9D93-4EA7FB9A8145}.Release|Any CPU.Build.0 = Release|Any CPU
		{6A5CB19D-99E7-4743-9D93-4EA7FB9A8145}.Release|x86.ActiveCfg = Release|Any CPU
		{6A5CB19D-99E7-4743-9D93-4EA7FB9A8145}.Release|x86.Build.0 = Release|Any CPU
		{0678ABB3-50CE-453F-8EB5-1F21F10061B3}.Debug|Any CPU.ActiveCfg = Debug|Any CPU
		{0678ABB3-50CE-453F-8EB5-1F21F10061B3}.Debug|Any CPU.Build.0 = Debug|Any CPU
		{0678ABB3-50CE-453F-8EB5-1F21F10061B3}.Debug|x86.ActiveCfg = Debug|Any CPU
		{0678ABB3-50CE-453F-8EB5-1F21F10061B3}.Debug|x86.Build.0 = Debug|Any CPU
		{0678ABB3-50CE-453F-8EB5-1F21F10061B3}.Release|Any CPU.ActiveCfg = Release|Any CPU
		{0678ABB3-50CE-453F-8EB5-1F21F10061B3}.Release|Any CPU.Build.0 = Release|Any CPU
		{0678ABB3-50CE-453F-8EB5-1F21F10061B3}.Release|x86.ActiveCfg = Release|Any CPU
		{0678ABB3-50CE-453F-8EB5-1F21F10061B3}.Release|x86.Build.0 = Release|Any CPU
		{ADCC4B90-4340-49D0-91F5-11E99BEF93B1}.Debug|Any CPU.ActiveCfg = Debug|Any CPU
		{ADCC4B90-4340-49D0-91F5-11E99BEF93B1}.Debug|Any CPU.Build.0 = Debug|Any CPU
		{ADCC4B90-4340-49D0-91F5-11E99BEF93B1}.Debug|x86.ActiveCfg = Debug|Any CPU
		{ADCC4B90-4340-49D0-91F5-11E99BEF93B1}.Debug|x86.Build.0 = Debug|Any CPU
		{ADCC4B90-4340-49D0-91F5-11E99BEF93B1}.Release|Any CPU.ActiveCfg = Release|Any CPU
		{ADCC4B90-4340-49D0-91F5-11E99BEF93B1}.Release|Any CPU.Build.0 = Release|Any CPU
		{ADCC4B90-4340-49D0-91F5-11E99BEF93B1}.Release|x86.ActiveCfg = Release|Any CPU
		{ADCC4B90-4340-49D0-91F5-11E99BEF93B1}.Release|x86.Build.0 = Release|Any CPU
		{B7F49289-4A5C-439C-BDA4-98174145DF2D}.Debug|Any CPU.ActiveCfg = Debug|Any CPU
		{B7F49289-4A5C-439C-BDA4-98174145DF2D}.Debug|Any CPU.Build.0 = Debug|Any CPU
		{B7F49289-4A5C-439C-BDA4-98174145DF2D}.Debug|x86.ActiveCfg = Debug|Any CPU
		{B7F49289-4A5C-439C-BDA4-98174145DF2D}.Debug|x86.Build.0 = Debug|Any CPU
		{B7F49289-4A5C-439C-BDA4-98174145DF2D}.Release|Any CPU.ActiveCfg = Release|Any CPU
		{B7F49289-4A5C-439C-BDA4-98174145DF2D}.Release|Any CPU.Build.0 = Release|Any CPU
		{B7F49289-4A5C-439C-BDA4-98174145DF2D}.Release|x86.ActiveCfg = Release|Any CPU
		{B7F49289-4A5C-439C-BDA4-98174145DF2D}.Release|x86.Build.0 = Release|Any CPU
		{269BAAB4-AB26-4093-8986-6C3886463F09}.Debug|Any CPU.ActiveCfg = Debug|Any CPU
		{269BAAB4-AB26-4093-8986-6C3886463F09}.Debug|Any CPU.Build.0 = Debug|Any CPU
		{269BAAB4-AB26-4093-8986-6C3886463F09}.Debug|x86.ActiveCfg = Debug|Any CPU
		{269BAAB4-AB26-4093-8986-6C3886463F09}.Debug|x86.Build.0 = Debug|Any CPU
		{269BAAB4-AB26-4093-8986-6C3886463F09}.Release|Any CPU.ActiveCfg = Release|Any CPU
		{269BAAB4-AB26-4093-8986-6C3886463F09}.Release|Any CPU.Build.0 = Release|Any CPU
		{269BAAB4-AB26-4093-8986-6C3886463F09}.Release|x86.ActiveCfg = Release|Any CPU
		{269BAAB4-AB26-4093-8986-6C3886463F09}.Release|x86.Build.0 = Release|Any CPU
	EndGlobalSection
	GlobalSection(SolutionProperties) = preSolution
		HideSolutionNode = FALSE
	EndGlobalSection
	GlobalSection(NestedProjects) = preSolution
		{CB3FF60E-AF76-471A-98A3-DFED31A10E94} = {1A19BE16-83D1-4DD3-80FA-56E1533C0BC5}
		{869D1B89-8513-4733-9F5A-17A22C7B165B} = {1A19BE16-83D1-4DD3-80FA-56E1533C0BC5}
		{851A3ACD-A1C2-40CD-8BA0-0296EEDBF025} = {1A19BE16-83D1-4DD3-80FA-56E1533C0BC5}
		{E1E7E1AA-FC1B-49AC-9F99-7D2AD20FD193} = {2683807F-29C3-4ED2-90F5-B342DB0A8B04}
		{29131CA9-196F-4118-8703-7D1FBBBA4688} = {2683807F-29C3-4ED2-90F5-B342DB0A8B04}
		{28FDF6E2-34FE-455B-AD7D-588920B2055F} = {2683807F-29C3-4ED2-90F5-B342DB0A8B04}
		{C9710DF8-1539-4AC0-A62B-F6F917485796} = {28FDF6E2-34FE-455B-AD7D-588920B2055F}
		{6A5CB19D-99E7-4743-9D93-4EA7FB9A8145} = {2683807F-29C3-4ED2-90F5-B342DB0A8B04}
		{0678ABB3-50CE-453F-8EB5-1F21F10061B3} = {28FDF6E2-34FE-455B-AD7D-588920B2055F}
		{A9103A61-0F72-49E4-BFEE-4B2FF55CAEA0} = {2683807F-29C3-4ED2-90F5-B342DB0A8B04}
		{ADCC4B90-4340-49D0-91F5-11E99BEF93B1} = {A9103A61-0F72-49E4-BFEE-4B2FF55CAEA0}
		{B7F49289-4A5C-439C-BDA4-98174145DF2D} = {A9103A61-0F72-49E4-BFEE-4B2FF55CAEA0}
		{361180D9-86F6-4271-B1FF-36014EE40B06} = {2683807F-29C3-4ED2-90F5-B342DB0A8B04}
		{269BAAB4-AB26-4093-8986-6C3886463F09} = {361180D9-86F6-4271-B1FF-36014EE40B06}
	EndGlobalSection
	GlobalSection(ExtensibilityGlobals) = postSolution
		EnterpriseLibraryConfigurationToolBinariesPathV6 = packages\EnterpriseLibrary.TransientFaultHandling.6.0.1304.0\lib\portable-net45+win+wp8;packages\EnterpriseLibrary.TransientFaultHandling.Data.6.0.1304.1\lib\NET45
	EndGlobalSection
EndGlobal
